
Microsoft Visual Studio Solution File, Format Version 12.00
# Visual Studio Version 17
VisualStudioVersion = 17.0.31903.59
MinimumVisualStudioVersion = 10.0.40219.1
Project("{FAE04EC0-301F-11D3-BF4B-00C04F79EFBC}") = "CollectionViewPerformanceIssueReproductionApp", "CollectionViewPerformanceIssueReproductionApp\CollectionViewPerformanceIssueReproductionApp.csproj", "{79390B62-E187-4C53-A5B3-CFD903224CAC}"
EndProject
Global
	GlobalSection(SolutionConfigurationPlatforms) = preSolution
		Debug|Any CPU = Debug|Any CPU
		Release|Any CPU = Release|Any CPU
	EndGlobalSection
	GlobalSection(SolutionProperties) = preSolution
		HideSolutionNode = FALSE
	EndGlobalSection
	GlobalSection(ProjectConfigurationPlatforms) = postSolution
		{79390B62-E187-4C53-A5B3-CFD903224CAC}.Debug|Any CPU.ActiveCfg = Debug|Any CPU
		{79390B62-E187-4C53-A5B3-CFD903224CAC}.Debug|Any CPU.Build.0 = Debug|Any CPU
		{79390B62-E187-4C53-A5B3-CFD903224CAC}.Release|Any CPU.ActiveCfg = Release|Any CPU
		{79390B62-E187-4C53-A5B3-CFD903224CAC}.Release|Any CPU.Build.0 = Release|Any CPU
	EndGlobalSection
EndGlobal
